
Microsoft Visual Studio Solution File, Format Version 12.00
# Visual Studio Version 17
VisualStudioVersion = 17.14.36915.13 d17.14
MinimumVisualStudioVersion = 10.0.40219.1
Project("{FAE04EC0-301F-11D3-BF4B-00C04F79EFBC}") = "LeetCodeRunner", "LeetCodeRunner\LeetCodeRunner.csproj", "{CE5AE50D-C91E-4EAE-BBFE-DCCFB78EB87F}"
EndProject
Global
	GlobalSection(SolutionConfigurationPlatforms) = preSolution
		Debug|Any CPU = Debug|Any CPU
		Release|Any CPU = Release|Any CPU
	EndGlobalSection
	GlobalSection(ProjectConfigurationPlatforms) = postSolution
		{CE5AE50D-C91E-4EAE-BBFE-DCCFB78EB87F}.Debug|Any CPU.ActiveCfg = Debug|Any CPU
		{CE5AE50D-C91E-4EAE-BBFE-DCCFB78EB87F}.Debug|Any CPU.Build.0 = Debug|Any CPU
		{CE5AE50D-C91E-4EAE-BBFE-DCCFB78EB87F}.Release|Any CPU.ActiveCfg = Release|Any CPU
		{CE5AE50D-C91E-4EAE-BBFE-DCCFB78EB87F}.Release|Any CPU.Build.0 = Release|Any CPU
	EndGlobalSection
	GlobalSection(SolutionProperties) = preSolution
		HideSolutionNode = FALSE
	EndGlobalSection
	GlobalSection(ExtensibilityGlobals) = postSolution
		SolutionGuid = {FC687643-0BB8-432F-8318-DD3FC2B78B4B}
	EndGlobalSection
EndGlobal
